
Microsoft Visual Studio Solution File, Format Version 12.00
# Visual Studio Version 17
VisualStudioVersion = 17.2.32526.322
MinimumVisualStudioVersion = 10.0.40219.1
Project("{9A19103F-16F7-4668-BE54-9A1E7A4F7556}") = "homework8", "homework8\homework8.csproj", "{1E5F1B1E-266E-42ED-BC36-3400E67B65ED}"
EndProject
Project("{FAE04EC0-301F-11D3-BF4B-00C04F79EFBC}") = "WindowsFormsApp1", "WindowsFormsApp1\WindowsFormsApp1.csproj", "{E612B8C5-3899-420B-B81C-A98DB4F57ECB}"
EndProject
Global
	GlobalSection(SolutionConfigurationPlatforms) = preSolution
		Debug|Any CPU = Debug|Any CPU
		Release|Any CPU = Release|Any CPU
	EndGlobalSection
	GlobalSection(ProjectConfigurationPlatforms) = postSolution
		{1E5F1B1E-266E-42ED-BC36-3400E67B65ED}.Debug|Any CPU.ActiveCfg = Debug|Any CPU
		{1E5F1B1E-266E-42ED-BC36-3400E67B65ED}.Debug|Any CPU.Build.0 = Debug|Any CPU
		{1E5F1B1E-266E-42ED-BC36-3400E67B65ED}.Release|Any CPU.ActiveCfg = Release|Any CPU
		{1E5F1B1E-266E-42ED-BC36-3400E67B65ED}.Release|Any CPU.Build.0 = Release|Any CPU
		{E612B8C5-3899-420B-B81C-A98DB4F57ECB}.Debug|Any CPU.ActiveCfg = Debug|Any CPU
		{E612B8C5-3899-420B-B81C-A98DB4F57ECB}.Debug|Any CPU.Build.0 = Debug|Any CPU
		{E612B8C5-3899-420B-B81C-A98DB4F57ECB}.Release|Any CPU.ActiveCfg = Release|Any CPU
		{E612B8C5-3899-420B-B81C-A98DB4F57ECB}.Release|Any CPU.Build.0 = Release|Any CPU
	EndGlobalSection
	GlobalSection(SolutionProperties) = preSolution
		HideSolutionNode = FALSE
	EndGlobalSection
	GlobalSection(ExtensibilityGlobals) = postSolution
		SolutionGuid = {65558E20-FC48-4E81-B793-93CF6E9B3D1D}
	EndGlobalSection
EndGlobal
